
Microsoft Visual Studio Solution File, Format Version 12.00
Project("{FAE04EC0-301F-11D3-BF4B-00C04F79EFBC}") = "Tutorial_1", "Tutorial_1\Tutorial_1.csproj", "{46071203-2444-4DC4-A754-C6F115A95EEC}"
EndProject
Global
	GlobalSection(SolutionConfigurationPlatforms) = preSolution
		Debug|Any CPU = Debug|Any CPU
		Release|Any CPU = Release|Any CPU
	EndGlobalSection
	GlobalSection(ProjectConfigurationPlatforms) = postSolution
		{46071203-2444-4DC4-A754-C6F115A95EEC}.Debug|Any CPU.ActiveCfg = Debug|Any CPU
		{46071203-2444-4DC4-A754-C6F115A95EEC}.Debug|Any CPU.Build.0 = Debug|Any CPU
		{46071203-2444-4DC4-A754-C6F115A95EEC}.Release|Any CPU.ActiveCfg = Release|Any CPU
		{46071203-2444-4DC4-A754-C6F115A95EEC}.Release|Any CPU.Build.0 = Release|Any CPU
	EndGlobalSection
EndGlobal
